
Microsoft Visual Studio Solution File, Format Version 12.00
# Visual Studio Version 17
VisualStudioVersion = 17.2.32616.157
MinimumVisualStudioVersion = 10.0.40219.1
Project("{FAE04EC0-301F-11D3-BF4B-00C04F79EFBC}") = "Lab01.Ex02.DBConnection", "Lab01.Ex02.DBConnection\Lab01.Ex02.DBConnection.csproj", "{3BAF273C-6FBD-4E03-A9EE-836E89345E94}"
EndProject
Project("{FAE04EC0-301F-11D3-BF4B-00C04F79EFBC}") = "Lab01.Ex03.DBConnection", "Lab01.Ex03.DBConnection\Lab01.Ex03.DBConnection.csproj", "{CD49A91F-9037-4D82-8145-6E237090C8C0}"
EndProject
Project("{FAE04EC0-301F-11D3-BF4B-00C04F79EFBC}") = "Lab01.Ex04.DBConnection", "Lab01.Ex04.DBConnection\Lab01.Ex04.DBConnection.csproj", "{262FE9D1-8D7F-42F6-8C00-C5AFA141CF6E}"
EndProject
Project("{FAE04EC0-301F-11D3-BF4B-00C04F79EFBC}") = "Lab01.Ex05.DBConnection", "Lab01.Ex05.DBConnection\Lab01.Ex05.DBConnection.csproj", "{2246D3A8-9ACC-4836-BCF6-11E455675836}"
EndProject
Project("{FAE04EC0-301F-11D3-BF4B-00C04F79EFBC}") = "Lab02.Ex01.DBConnection", "Lab02.Ex01.DBConnection\Lab02.Ex01.DBConnection.csproj", "{40659A50-E28B-4714-A91F-2D767B60BE7D}"
EndProject
Project("{FAE04EC0-301F-11D3-BF4B-00C04F79EFBC}") = "Lab02.Ex02.DBConnection", "Lab02.Ex02.DBConnection\Lab02.Ex02.DBConnection.csproj", "{894BB611-569D-4FCB-B9C1-69C5C365F4B5}"
EndProject
Project("{FAE04EC0-301F-11D3-BF4B-00C04F79EFBC}") = "Lab02.Ex03.DBConnection", "Lab02.Ex03.DBConnection\Lab02.Ex03.DBConnection.csproj", "{E29D6203-D34F-4248-9751-C3390C1930D1}"
EndProject
Project("{FAE04EC0-301F-11D3-BF4B-00C04F79EFBC}") = "Lab04.Ex01.DatasetDesigner", "Lab04.Ex01.DatasetDesigner\Lab04.Ex01.DatasetDesigner.csproj", "{BD05A8B4-C5D8-4259-B4CC-641DC196C935}"
EndProject
Project("{FAE04EC0-301F-11D3-BF4B-00C04F79EFBC}") = "Lab04.Ex02.CreatingDataTable", "Lab04.Ex02.CreatingDataTable\Lab04.Ex02.CreatingDataTable.csproj", "{5CDF2F30-061F-4712-A507-6F304DEB88C8}"
EndProject
Project("{FAE04EC0-301F-11D3-BF4B-00C04F79EFBC}") = "Lab04.Ex03.DataAdapterWizard", "Lab04.Ex03.DataAdapterWizard\Lab04.Ex03.DataAdapterWizard.csproj", "{B89A6B83-57A2-4AFF-8D85-978D9513BEEC}"
EndProject
Project("{FAE04EC0-301F-11D3-BF4B-00C04F79EFBC}") = "ControlWork", "ControlWork\ControlWork.csproj", "{CDDFA3B9-A16A-4F89-B2E9-428C412E4308}"
EndProject
Project("{FAE04EC0-301F-11D3-BF4B-00C04F79EFBC}") = "Lab04.Ex04.DataAdapterProgram", "Lab04.Ex04.DataAdapterProgram\Lab04.Ex04.DataAdapterProgram.csproj", "{0A87D275-9AC0-4AA5-8A20-0C7A6EA9757C}"
EndProject
Project("{FAE04EC0-301F-11D3-BF4B-00C04F79EFBC}") = "Lab04.Ex05.WorkingDataTable", "Lab04.Ex05.WorkingDataTable\Lab04.Ex05.WorkingDataTable.csproj", "{44E3FD7A-45EC-466E-9298-37F16CDE3005}"
EndProject
Project("{FAE04EC0-301F-11D3-BF4B-00C04F79EFBC}") = "Lab04.Ex06.DataViewExample", "Lab04.Ex06.DataViewExample\Lab04.Ex06.DataViewExample.csproj", "{248530A9-5D44-49F1-A89E-464C105EDC89}"
EndProject
Project("{FAE04EC0-301F-11D3-BF4B-00C04F79EFBC}") = "Lab07.Ex01.Linq_Student", "Lab07.Ex01.Linq_Student\Lab07.Ex01.Linq_Student.csproj", "{DC8E24A2-AF5E-4320-9F2B-E23328EFC789}"
EndProject
Project("{FAE04EC0-301F-11D3-BF4B-00C04F79EFBC}") = "Lab07.Ex02.Linq_Student", "Lab07.Ex02.Linq_Student\Lab07.Ex02.Linq_Student.csproj", "{1A4256F0-0464-405B-9105-046CEAEE4EF1}"
EndProject
Project("{FAE04EC0-301F-11D3-BF4B-00C04F79EFBC}") = "Lab07.Ex03.Linq_Student", "Lab07.Ex03.Linq_Student\Lab07.Ex03.Linq_Student.csproj", "{BA12A90A-E60B-4BD0-AEB6-4DBDFB1D7B4C}"
EndProject
Project("{FAE04EC0-301F-11D3-BF4B-00C04F79EFBC}") = "Lab09.Ex01.CustomerManager", "Lab09.Ex01.CustomerManager\Lab09.Ex01.CustomerManager.csproj", "{6309F7EA-1709-43E6-B26D-AECC3CC60048}"
EndProject
Project("{FAE04EC0-301F-11D3-BF4B-00C04F79EFBC}") = "Lab09.Ex01.CodeFirst", "Lab09.Ex01.CodeFirst\Lab09.Ex01.CodeFirst.csproj", "{B74F64FC-A619-4817-B6E7-09DD4A9CC620}"
EndProject
Global
	GlobalSection(SolutionConfigurationPlatforms) = preSolution
		Debug|Any CPU = Debug|Any CPU
		Release|Any CPU = Release|Any CPU
	EndGlobalSection
	GlobalSection(ProjectConfigurationPlatforms) = postSolution
		{3BAF273C-6FBD-4E03-A9EE-836E89345E94}.Debug|Any CPU.ActiveCfg = Debug|Any CPU
		{3BAF273C-6FBD-4E03-A9EE-836E89345E94}.Debug|Any CPU.Build.0 = Debug|Any CPU
		{3BAF273C-6FBD-4E03-A9EE-836E89345E94}.Release|Any CPU.ActiveCfg = Release|Any CPU
		{3BAF273C-6FBD-4E03-A9EE-836E89345E94}.Release|Any CPU.Build.0 = Release|Any CPU
		{CD49A91F-9037-4D82-8145-6E237090C8C0}.Debug|Any CPU.ActiveCfg = Debug|Any CPU
		{CD49A91F-9037-4D82-8145-6E237090C8C0}.Debug|Any CPU.Build.0 = Debug|Any CPU
		{CD49A91F-9037-4D82-8145-6E237090C8C0}.Release|Any CPU.ActiveCfg = Release|Any CPU
		{CD49A91F-9037-4D82-8145-6E237090C8C0}.Release|Any CPU.Build.0 = Release|Any CPU
		{262FE9D1-8D7F-42F6-8C00-C5AFA141CF6E}.Debug|Any CPU.ActiveCfg = Debug|Any CPU
		{262FE9D1-8D7F-42F6-8C00-C5AFA141CF6E}.Debug|Any CPU.Build.0 = Debug|Any CPU
		{262FE9D1-8D7F-42F6-8C00-C5AFA141CF6E}.Release|Any CPU.ActiveCfg = Release|Any CPU
		{262FE9D1-8D7F-42F6-8C00-C5AFA141CF6E}.Release|Any CPU.Build.0 = Release|Any CPU
		{2246D3A8-9ACC-4836-BCF6-11E455675836}.Debug|Any CPU.ActiveCfg = Debug|Any CPU
		{2246D3A8-9ACC-4836-BCF6-11E455675836}.Debug|Any CPU.Build.0 = Debug|Any CPU
		{2246D3A8-9ACC-4836-BCF6-11E455675836}.Release|Any CPU.ActiveCfg = Release|Any CPU
		{2246D3A8-9ACC-4836-BCF6-11E455675836}.Release|Any CPU.Build.0 = Release|Any CPU
		{40659A50-E28B-4714-A91F-2D767B60BE7D}.Debug|Any CPU.ActiveCfg = Debug|Any CPU
		{40659A50-E28B-4714-A91F-2D767B60BE7D}.Debug|Any CPU.Build.0 = Debug|Any CPU
		{40659A50-E28B-4714-A91F-2D767B60BE7D}.Release|Any CPU.ActiveCfg = Release|Any CPU
		{40659A50-E28B-4714-A91F-2D767B60BE7D}.Release|Any CPU.Build.0 = Release|Any CPU
		{894BB611-569D-4FCB-B9C1-69C5C365F4B5}.Debug|Any CPU.ActiveCfg = Debug|Any CPU
		{894BB611-569D-4FCB-B9C1-69C5C365F4B5}.Debug|Any CPU.Build.0 = Debug|Any CPU
		{894BB611-569D-4FCB-B9C1-69C5C365F4B5}.Release|Any CPU.ActiveCfg = Release|Any CPU
		{894BB611-569D-4FCB-B9C1-69C5C365F4B5}.Release|Any CPU.Build.0 = Release|Any CPU
		{E29D6203-D34F-4248-9751-C3390C1930D1}.Debug|Any CPU.ActiveCfg = Debug|Any CPU
		{E29D6203-D34F-4248-9751-C3390C1930D1}.Debug|Any CPU.Build.0 = Debug|Any CPU
		{E29D6203-D34F-4248-9751-C3390C1930D1}.Release|Any CPU.ActiveCfg = Release|Any CPU
		{E29D6203-D34F-4248-9751-C3390C1930D1}.Release|Any CPU.Build.0 = Release|Any CPU
		{BD05A8B4-C5D8-4259-B4CC-641DC196C935}.Debug|Any CPU.ActiveCfg = Debug|Any CPU
		{BD05A8B4-C5D8-4259-B4CC-641DC196C935}.Debug|Any CPU.Build.0 = Debug|Any CPU
		{BD05A8B4-C5D8-4259-B4CC-641DC196C935}.Release|Any CPU.ActiveCfg = Release|Any CPU
		{BD05A8B4-C5D8-4259-B4CC-641DC196C935}.Release|Any CPU.Build.0 = Release|Any CPU
		{5CDF2F30-061F-4712-A507-6F304DEB88C8}.Debug|Any CPU.ActiveCfg = Debug|Any CPU
		{5CDF2F30-061F-4712-A507-6F304DEB88C8}.Debug|Any CPU.Build.0 = Debug|Any CPU
		{5CDF2F30-061F-4712-A507-6F304DEB88C8}.Release|Any CPU.ActiveCfg = Release|Any CPU
		{5CDF2F30-061F-4712-A507-6F304DEB88C8}.Release|Any CPU.Build.0 = Release|Any CPU
		{B89A6B83-57A2-4AFF-8D85-978D9513BEEC}.Debug|Any CPU.ActiveCfg = Debug|Any CPU
		{B89A6B83-57A2-4AFF-8D85-978D9513BEEC}.Debug|Any CPU.Build.0 = Debug|Any CPU
		{B89A6B83-57A2-4AFF-8D85-978D9513BEEC}.Release|Any CPU.ActiveCfg = Release|Any CPU
		{B89A6B83-57A2-4AFF-8D85-978D9513BEEC}.Release|Any CPU.Build.0 = Release|Any CPU
		{CDDFA3B9-A16A-4F89-B2E9-428C412E4308}.Debug|Any CPU.ActiveCfg = Debug|Any CPU
		{CDDFA3B9-A16A-4F89-B2E9-428C412E4308}.Debug|Any CPU.Build.0 = Debug|Any CPU
		{CDDFA3B9-A16A-4F89-B2E9-428C412E4308}.Release|Any CPU.ActiveCfg = Release|Any CPU
		{CDDFA3B9-A16A-4F89-B2E9-428C412E4308}.Release|Any CPU.Build.0 = Release|Any CPU
		{0A87D275-9AC0-4AA5-8A20-0C7A6EA9757C}.Debug|Any CPU.ActiveCfg = Debug|Any CPU
		{0A87D275-9AC0-4AA5-8A20-0C7A6EA9757C}.Debug|Any CPU.Build.0 = Debug|Any CPU
		{0A87D275-9AC0-4AA5-8A20-0C7A6EA9757C}.Release|Any CPU.ActiveCfg = Release|Any CPU
		{0A87D275-9AC0-4AA5-8A20-0C7A6EA9757C}.Release|Any CPU.Build.0 = Release|Any CPU
		{44E3FD7A-45EC-466E-9298-37F16CDE3005}.Debug|Any CPU.ActiveCfg = Debug|Any CPU
		{44E3FD7A-45EC-466E-9298-37F16CDE3005}.Debug|Any CPU.Build.0 = Debug|Any CPU
		{44E3FD7A-45EC-466E-9298-37F16CDE3005}.Release|Any CPU.ActiveCfg = Release|Any CPU
		{44E3FD7A-45EC-466E-9298-37F16CDE3005}.Release|Any CPU.Build.0 = Release|Any CPU
		{248530A9-5D44-49F1-A89E-464C105EDC89}.Debug|Any CPU.ActiveCfg = Debug|Any CPU
		{248530A9-5D44-49F1-A89E-464C105EDC89}.Debug|Any CPU.Build.0 = Debug|Any CPU
		{248530A9-5D44-49F1-A89E-464C105EDC89}.Release|Any CPU.ActiveCfg = Release|Any CPU
		{248530A9-5D44-49F1-A89E-464C105EDC89}.Release|Any CPU.Build.0 = Release|Any CPU
		{DC8E24A2-AF5E-4320-9F2B-E23328EFC789}.Debug|Any CPU.ActiveCfg = Debug|Any CPU
		{DC8E24A2-AF5E-4320-9F2B-E23328EFC789}.Debug|Any CPU.Build.0 = Debug|Any CPU
		{DC8E24A2-AF5E-4320-9F2B-E23328EFC789}.Release|Any CPU.ActiveCfg = Release|Any CPU
		{DC8E24A2-AF5E-4320-9F2B-E23328EFC789}.Release|Any CPU.Build.0 = Release|Any CPU
		{1A4256F0-0464-405B-9105-046CEAEE4EF1}.Debug|Any CPU.ActiveCfg = Debug|Any CPU
		{1A4256F0-0464-405B-9105-046CEAEE4EF1}.Debug|Any CPU.Build.0 = Debug|Any CPU
		{1A4256F0-0464-405B-9105-046CEAEE4EF1}.Release|Any CPU.ActiveCfg = Release|Any CPU
		{1A4256F0-0464-405B-9105-046CEAEE4EF1}.Release|Any CPU.Build.0 = Release|Any CPU
		{BA12A90A-E60B-4BD0-AEB6-4DBDFB1D7B4C}.Debug|Any CPU.ActiveCfg = Debug|Any CPU
		{BA12A90A-E60B-4BD0-AEB6-4DBDFB1D7B4C}.Debug|Any CPU.Build.0 = Debug|Any CPU
		{BA12A90A-E60B-4BD0-AEB6-4DBDFB1D7B4C}.Release|Any CPU.ActiveCfg = Release|Any CPU
		{BA12A90A-E60B-4BD0-AEB6-4DBDFB1D7B4C}.Release|Any CPU.Build.0 = Release|Any CPU
		{6309F7EA-1709-43E6-B26D-AECC3CC60048}.Debug|Any CPU.ActiveCfg = Debug|Any CPU
		{6309F7EA-1709-43E6-B26D-AECC3CC60048}.Debug|Any CPU.Build.0 = Debug|Any CPU
		{6309F7EA-1709-43E6-B26D-AECC3CC60048}.Release|Any CPU.ActiveCfg = Release|Any CPU
		{6309F7EA-1709-43E6-B26D-AECC3CC60048}.Release|Any CPU.Build.0 = Release|Any CPU
		{B74F64FC-A619-4817-B6E7-09DD4A9CC620}.Debug|Any CPU.ActiveCfg = Debug|Any CPU
		{B74F64FC-A619-4817-B6E7-09DD4A9CC620}.Debug|Any CPU.Build.0 = Debug|Any CPU
		{B74F64FC-A619-4817-B6E7-09DD4A9CC620}.Release|Any CPU.ActiveCfg = Release|Any CPU
		{B74F64FC-A619-4817-B6E7-09DD4A9CC620}.Release|Any CPU.Build.0 = Release|Any CPU
	EndGlobalSection
	GlobalSection(SolutionProperties) = preSolution
		HideSolutionNode = FALSE
	EndGlobalSection
	GlobalSection(ExtensibilityGlobals) = postSolution
		SolutionGuid = {B18E0A18-D51D-4E9A-90D0-598E9167386C}
	EndGlobalSection
EndGlobal
